
Microsoft Visual Studio Solution File, Format Version 12.00
# Visual Studio Version 17
VisualStudioVersion = 17.1.32210.238
MinimumVisualStudioVersion = 10.0.40219.1
Project("{FAE04EC0-301F-11D3-BF4B-00C04F79EFBC}") = "SchoolOfDev", "SchoolOfDev\SchoolOfDev.csproj", "{026783E0-4382-4F73-B77E-8E4FD4117AEA}"
EndProject
Global
	GlobalSection(SolutionConfigurationPlatforms) = preSolution
		Debug|Any CPU = Debug|Any CPU
		Release|Any CPU = Release|Any CPU
	EndGlobalSection
	GlobalSection(ProjectConfigurationPlatforms) = postSolution
		{026783E0-4382-4F73-B77E-8E4FD4117AEA}.Debug|Any CPU.ActiveCfg = Debug|Any CPU
		{026783E0-4382-4F73-B77E-8E4FD4117AEA}.Debug|Any CPU.Build.0 = Debug|Any CPU
		{026783E0-4382-4F73-B77E-8E4FD4117AEA}.Release|Any CPU.ActiveCfg = Release|Any CPU
		{026783E0-4382-4F73-B77E-8E4FD4117AEA}.Release|Any CPU.Build.0 = Release|Any CPU
	EndGlobalSection
	GlobalSection(SolutionProperties) = preSolution
		HideSolutionNode = FALSE
	EndGlobalSection
	GlobalSection(ExtensibilityGlobals) = postSolution
		SolutionGuid = {526B2C99-D0B5-4A26-8D41-73740E3CF041}
	EndGlobalSection
EndGlobal
